github.com/at-wat/mqtt-go v0.19.6 h1:+jo59yGHB3oqBU8nSFYbq6KDgN4ngMpqts5Qtyq61pc=
github.com/at-wat/mqtt-go v0.19.6/go.mod h1:Y/YrYwUlLE4N53//699Zir3WJnxSdJojvLEAbZxJjgQ=
github.com/aws/aws-sdk-go-v2 v1.47.3 h1:HRoT/MkNi3bjO5xF4dCzLzvVmkvRGHj3/cLINDnJejk=
github.com/aws/aws-sdk-go-v2 v1.47.3/go.mod h1:xSl+OSI5ZUw6bSMupWc218zE5Pl+65MCCu3ySWFY99A=
github.com/aws/aws-sdk-go-v2/config v1.33.9 h1:Hv6bcQUJVnmuWaKjqD6Ot8sE75NrWsWV20oGT5aWle0=
github.com/aws/aws-sdk-go-v2/config v1.33.9/go.mod h1:ivowmrZNfBQLcg4QkaItgi5wae4Bzot9RzIdbY1hfTg=
github.com/aws/aws-sdk-go-v2/credentials v1.20.9 h1:SNO55PnWhaDafsOcv16lCA0kdoFMl/YlegWoVsU02s0=
github.com/aws/aws-sdk-go-v2/credentials v1.20.9/go.mod h1:+2reOTRtdD3VSBqpRDNwrZIYy8yMCYa7oK3WKTJ/I1I=
github.com/aws/aws-sdk-go-v2/feature/ec2/imds v1.20.3 h1:gr3b87OLB29jymWPzp/CAyXwQRJVE+sC4Wm0qBIKHsk=
github.com/aws/aws-sdk-go-v2/feature/ec2/imds v1.20.3/go.mod h1:BRjf4L/Yx2hY54o+ZibPbLJyMMeSwqYQXwcJfqW66a8=
github.com/aws/aws-sdk-go-v2/internal/configsources v1.5.6 h1:CqL8NN3p4I0JTwwV5MEoatIl4Y2amZ2X9dRD+0hbRL0=
github.com/aws/aws-sdk-go-v2/internal/configsources v1.5.6/go.mod h1:exdJ32hMqXl0Wyo6NwqEC5yIhtua3+PDaKE8P29m4qE=
github.com/aws/aws-sdk-go-v2/internal/endpoints/v2 v2.8.6 h1:FpBq24TG6WVSObTNhQOv7Q0088rounUUlwn3zlNItkM=
github.com/aws/aws-sdk-go-v2/internal/endpoints/v2 v2.8.6/go.mod h1:ONzdPVYC95oBOu0VWNEsKEntcoemP3xVKjT+qWml1s4=
github.com/aws/aws-sdk-go-v2/internal/v4a v1.5.6 h1:Qmn60RWuk9+bd2ddvJJqwf3Cpac3VvGMOdbGemtUhX4=
github.com/aws/aws-sdk-go-v2/internal/v4a v1.5.6/go.mod h1:h/YJhe4AVyQxEUMluph10iqV7mjajH7A9L+BHF5ppis=
github.com/aws/aws-sdk-go-v2/service/internal/accept-encoding v1.13.21 h1:e6YW5uME30TkrElR+4/xcY7NB6CCj2dcv7vtmGXhfhQ=
github.com/aws/aws-sdk-go-v2/service/internal/accept-encoding v1.13.21/go.mod h1:obpHAMP693+f3/A8PkLhIqfK1C+NWWn8zXzqD3OH520=
github.com/aws/aws-sdk-go-v2/service/internal/presigned-url v1.14.6 h1:LHHdobjo5le1sjJdolitV7uVvYg3wkaeM1Ju2fDgeZQ=
github.com/aws/aws-sdk-go-v2/service/internal/presigned-url v1.14.6/go.mod h1:CBGB0evAiaMD3Lk4wPO7LQCcCZLuhzL5Qf/wfEUHQ5w=
github.com/aws/aws-sdk-go-v2/service/iotsecuretunneling v1.42.4 h1:iE8hqwBAFNBiM6lR3ZtXZEG71f23nlKXy75+v2DDOuM=
github.com/aws/aws-sdk-go-v2/service/iotsecuretunneling v1.42.4/go.mod h1:hrfuxN0G5BC+jPv1dr1uZKDNEXh/V/zNJN6VdSKLkvQ=
github.com/aws/aws-sdk-go-v2/service/signin v1.10.4 h1:tvpDjuUvgKURf3Yk4hOaGbZ4QdY+070OWcA5d6LUv2A=
github.com/aws/aws-sdk-go-v2/service/signin v1.10.4/go.mod h1:3ibVKg5Ng82Zby8++jELTD2nHxiPk2DJRLEeW/LKp8M=
github.com/aws/aws-sdk-go-v2/service/sso v1.38.4 h1:ChCtagixSFOxltv0o6E3NT8F7ksvZtZGPwUBynO5Nmk=
github.com/aws/aws-sdk-go-v2/service/sso v1.38.4/go.mod h1:+FEO9jrVMpc9oN3CdAxJbtlQEu3z8UddDPSedpeM3PY=
github.com/aws/aws-sdk-go-v2/service/ssooidc v1.43.4 h1:j6c+HA4AoS0EBEjArPjavFEBrucJEryfrQU0TffmACk=
github.com/aws/aws-sdk-go-v2/service/ssooidc v1.43.4/go.mod h1:RhghaXUk9q66VtOQUX1FdPddQuHnqQZzbB0fEYXmPRA=
github.com/aws/aws-sdk-go-v2/service/sts v1.51.4 h1:OKEfbf2tcfsF2pBk/S9QqNpo6alaAtiBs4hysCsBjPw=
github.com/aws/aws-sdk-go-v2/service/sts v1.51.4/go.mod h1:mCd6qGo9b8hTtfjgsmNkFlzwjyce4owd7HDVFnCLXhM=
github.com/aws/smithy-go v1.28.5 h1:OqbqKtzY9NUnr2yAe9+hiTdFb20tNaK/lI0PMOGXX9k=
github.com/aws/smithy-go v1.28.5/go.mod h1:YE2RhdIuDbA5E5bTdciG9KrW3+TiEONeUWCqxX9i1Fc=
github.com/google/go-cmp v0.7.0 h1:wk8382ETsv4JYUZwIsn6YpYiWiBsYLSJiTsyBybVuN8=
github.com/google/go-cmp v0.7.0/go.mod h1:pXiqmnSA92OHEEa9HXL2W4E7lf9JzCmGVUdgjX3N/iU=
github.com/google/uuid v1.6.0 h1:NIvaJDMOsjHA8n1jAhLSgzrAzy1Hgr+hNrb57e+94F0=
github.com/google/uuid v1.6.0/go.mod h1:TIyPZe4MgqvfeYDBFedMoGGpEw/LqOeaOT+nhxU+yHo=
golang.org/x/net v0.43.0 h1:lat02VYK2j4aLzMzecihNvTlJNQUq316m2Mr9rnM6YE=
golang.org/x/net v0.43.0/go.mod h1:vhO1fvI4dGsIjh73sWfUVjj3N7CA9WkKJNQm2svM6Jg=
google.golang.org/protobuf v1.36.11 h1:fV6ZwhNocDyBLK0dj+fg8ektcVegBBuEolpbTQyBNVE=
google.golang.org/protobuf v1.36.11/go.mod h1:HTf+CrKn2C3g5S8VImy6tdcUvCska2kB7j23XfzDpco=
