github.com/at-wat/mqtt-go v0.14.0 h1:16OtMOxGpiLR8aIxxj0p9NGu44OCb3NvZojpQIeljXg=
github.com/at-wat/mqtt-go v0.14.0/go.mod h1:CJ14TMAnpCE7N3El+HXHn6ISkHqVt2y92m3R4pfhIAY=
github.com/aws/aws-sdk-go-v2 v1.7.1 h1:TswSc7KNqZ/K1Ijt3IkpXk/2+62vi3Q82Yrr5wSbRBQ=
github.com/aws/aws-sdk-go-v2 v1.7.1/go.mod h1:L5LuPC1ZgDr2xQS7AmIec/Jlc7O/Y1u2KxJyNVab250=
github.com/aws/aws-sdk-go-v2/config v1.5.0 h1:tRQcWXVmO7wC+ApwYc2LiYKfIBoIrdzcJ+7HIh6AlR0=
github.com/aws/aws-sdk-go-v2/config v1.5.0/go.mod h1:RWlPOAW3E3tbtNAqTwvSW54Of/yP3oiZXMI0xfUdjyA=
github.com/aws/aws-sdk-go-v2/credentials v1.3.1 h1:fFeqL5+9kwFKsCb2oci5yAIDsWYqn/Nga8oQ5bIasI8=
github.com/aws/aws-sdk-go-v2/credentials v1.3.1/go.mod h1:r0n73xwsIVagq8RsxmZbGSRQFj9As3je72C2WzUIToc=
github.com/aws/aws-sdk-go-v2/feature/ec2/imds v1.3.0 h1:s4vtv3Mv1CisI3qm2HGHi1Ls9ZtbCOEqeQn6oz7fTyU=
github.com/aws/aws-sdk-go-v2/feature/ec2/imds v1.3.0/go.mod h1:2LAuqPx1I6jNfaGDucWfA2zqQCYCOMCDHiCOciALyNw=
github.com/aws/aws-sdk-go-v2/internal/ini v1.1.1 h1:SDLwr1NKyowP7uqxuLNdvFZhjnoVWxNv456zAp+ZFjU=
github.com/aws/aws-sdk-go-v2/internal/ini v1.1.1/go.mod h1:Zy8smImhTdOETZqfyn01iNOe0CNggVbPjCajyaz6Gvg=
github.com/aws/aws-sdk-go-v2/service/internal/presigned-url v1.2.1 h1:VJe/XEhrfyfBLupcGg1BfUSK2VMZNdbDcZQ49jnp+h0=
github.com/aws/aws-sdk-go-v2/service/internal/presigned-url v1.2.1/go.mod h1:zceowr5Z1Nh2WVP8bf/3ikB41IZW59E4yIYbg+pC6mw=
github.com/aws/aws-sdk-go-v2/service/iotsecuretunneling v1.3.1/go.mod h1:RJwBMAHM3s9wpRxNWP1MNUAWzXNy+Y0Hw/QlfxmL/jw=
github.com/aws/aws-sdk-go-v2/service/sso v1.3.1 h1:H2ZLWHUbbeYtghuqCY5s/7tbBM99PAwCioRJF8QvV/U=
github.com/aws/aws-sdk-go-v2/service/sso v1.3.1/go.mod h1:J3A3RGUvuCZjvSuZEcOpHDnzZP/sKbhDWV2T1EOzFIM=
github.com/aws/aws-sdk-go-v2/service/sts v1.6.0 h1:Y9r6mrzOyAYz4qKaluSH19zqH1236il/nGbsPKOUT0s=
github.com/aws/aws-sdk-go-v2/service/sts v1.6.0/go.mod h1:q7o0j7d7HrJk/vr9uUt3BVRASvcU7gYZB9PUgPiByXg=
github.com/aws/smithy-go v1.6.0 h1:T6puApfBcYiTIsaI+SYWqanjMt5pc3aoyyDrI+0YH54=
github.com/aws/smithy-go v1.6.0/go.mod h1:SObp3lf9smib00L/v3U2eAKG8FyQ7iLrJnQiAmR5n+E=
github.com/davecgh/go-spew v1.1.0/go.mod h1:J7Y8YcW2NihsgmVo/mv3lAwl/skON4iLHjSsI+c5H38=
github.com/golang/protobuf v1.5.0/go.mod h1:FsONVRAS9T7sI+LIUmWTfcYkHO4aIWwzhcaSAoJOfIk=
github.com/google/go-cmp v0.5.4/go.mod h1:v8dTdLbMG2kIc/vJvl+f65V22dbkXbowE6jgT/gNBxE=
github.com/google/go-cmp v0.5.5/go.mod h1:v8dTdLbMG2kIc/vJvl+f65V22dbkXbowE6jgT/gNBxE=
github.com/google/go-cmp v0.5.6 h1:BKbKCqvP6I+rmFHt06ZmyQtvB8xAkWdhFyr0ZUNZcxQ=
github.com/google/go-cmp v0.5.6/go.mod h1:v8dTdLbMG2kIc/vJvl+f65V22dbkXbowE6jgT/gNBxE=
github.com/google/uuid v1.3.0/go.mod h1:TIyPZe4MgqvfeYDBFedMoGGpEw/LqOeaOT+nhxU+yHo=
github.com/jmespath/go-jmespath v0.4.0/go.mod h1:T8mJZnbsbmF+m6zOOFylbeCJqk5+pHWvzYPziyZiYoo=
github.com/jmespath/go-jmespath/internal/testify v1.5.1/go.mod h1:L3OGu8Wl2/fWfCI6z80xFu9LTZmf1ZRjMHUOPmWr69U=
github.com/mitchellh/mapstructure v1.4.1 h1:CpVNEelQCZBooIPDn+AR3NpivK/TIKU8bDxdASFVQag=
github.com/mitchellh/mapstructure v1.4.1/go.mod h1:bFUtVrKA4DC2yAKiSyO/QUcy7e+RRV2QTWOzhPopBRo=
github.com/pmezard/go-difflib v1.0.0/go.mod h1:iKH77koFhYxTK1pcRnkKkqfTogsbg7gZNVY4sRDYZ/4=
github.com/stretchr/objx v0.1.0/go.mod h1:HFkY916IF+rwdDfMAkV7OtwuqBVzrE8GR6GFx+wExME=
golang.org/x/net v0.0.0-20210614182718-04defd469f4e/go.mod h1:9nx3DQGgdP8bBQD5qxJ1jj9UTztislL4KSBs9R2vV5Y=
golang.org/x/net v0.0.0-20210825183410-e898025ed96a h1:bRuuGXV8wwSdGTB+CtJf+FjgO1APK1CoO39T4BN/XBw=
golang.org/x/net v0.0.0-20210825183410-e898025ed96a/go.mod h1:9nx3DQGgdP8bBQD5qxJ1jj9UTztislL4KSBs9R2vV5Y=
golang.org/x/sys v0.0.0-20201119102817-f84b799fce68/go.mod h1:h1NjWce9XRLGQEsW7wpKNCjG9DtNlClVuFLEZdDNbEs=
golang.org/x/sys v0.0.0-20210423082822-04245dca01da/go.mod h1:h1NjWce9XRLGQEsW7wpKNCjG9DtNlClVuFLEZdDNbEs=
golang.org/x/term v0.0.0-20201126162022-7de9c90e9dd1/go.mod h1:bj7SfCRtBDWHUb9snDiAeCFNEtKQo2Wmx5Cou7ajbmo=
golang.org/x/text v0.3.6/go.mod h1:5Zoc/QRtKVWzQhOtBMvqHzDpF6irO9z98xDceosuGiQ=
golang.org/x/tools v0.0.0-20180917221912-90fa682c2a6e/go.mod h1:n7NCudcB/nEzxVGmLbDWY5pfWTLqBcC2KZ6jyYvM4mQ=
golang.org/x/xerrors v0.0.0-20191204190536-9bdfabe68543 h1:E7g+9GITq07hpfrRu66IVDexMakfv52eLZ2CXBWiKr4=
golang.org/x/xerrors v0.0.0-20191204190536-9bdfabe68543/go.mod h1:I/5z698sn9Ka8TeJc9MKroUUfqBBauWjQqLJ2OPfmY0=
google.golang.org/protobuf v1.26.0-rc.1/go.mod h1:jlhhOSvTdKEhbULTjvd4ARK9grFBp09yW+WbY/TyQbw=
google.golang.org/protobuf v1.27.1 h1:SnqbnDw1V7RiZcXPx5MEeqPv2s79L9i7BJUlG/+RurQ=
google.golang.org/protobuf v1.27.1/go.mod h1:9q0QmTI4eRPtz6boOQmLYwt+qCgq0jsYwAQnmE0givc=
gopkg.in/check.v1 v0.0.0-20161208181325-20d25e280405/go.mod h1:Co6ibVJAznAaIkqp8huTwlJQCZ016jof/cbN4VW5Yz0=
gopkg.in/yaml.v2 v2.2.8/go.mod h1:hI93XBmqTisBFMUTm0b8Fm+jr3Dg1NNxqwp+5A1VGuI=
