github.com/at-wat/mqtt-go v0.16.0 h1:GlEo6KLdIISS7IqZLTnn6zS/O/4P7O9sUIG0JG6375Y=
github.com/at-wat/mqtt-go v0.16.0/go.mod h1:5QXYXAQ5LkqQKLghRr9g7HMibPcUFYqTY47Ykz6dVIA=
github.com/aws/aws-sdk-go-v2 v1.16.11/go.mod h1:WTACcleLz6VZTp7fak4EO5b9Q4foxbn+8PIz3PmyKlo=
github.com/aws/aws-sdk-go-v2 v1.16.13 h1:HgF7OX2q0gSZtcXoo9DMEA8A2Qk/GCxmWyM0RI7Yz2Y=
github.com/aws/aws-sdk-go-v2 v1.16.13/go.mod h1:xSyvSnzh0KLs5H4HJGeIEsNYemUWdNIl0b/rP6SIsLU=
github.com/aws/aws-sdk-go-v2/config v1.17.4 h1:9HY1wbShqObySCHP2Z07blfrSWVX+nVxCZmUuLZKcG8=
github.com/aws/aws-sdk-go-v2/config v1.17.4/go.mod h1:ul+ru+huVpfduF9XRmGUq82T8T3K+nIFQuF6F+L+548=
github.com/aws/aws-sdk-go-v2/credentials v1.12.17 h1:htUjIJOQcvIUR0jC4eLkdis1DfaLL4EUbIKUFqh2WFA=
github.com/aws/aws-sdk-go-v2/credentials v1.12.17/go.mod h1:jd1mvJulXY7ccHvcSiJceYhv06yWIIRkJnwWEA4IX+g=
github.com/aws/aws-sdk-go-v2/feature/ec2/imds v1.12.14 h1:NZwZFtxXGOEIiCd8jWN55lexakug543CaO68bTpoLwg=
github.com/aws/aws-sdk-go-v2/feature/ec2/imds v1.12.14/go.mod h1:5CU57SyF5jZLSIw4OOll0PG83ThXwNdkRFOc0EltD/0=
github.com/aws/aws-sdk-go-v2/internal/configsources v1.1.18/go.mod h1:348MLhzV1GSlZSMusdwQpXKbhD7X2gbI/TxwAPKkYZQ=
github.com/aws/aws-sdk-go-v2/internal/configsources v1.1.20 h1:Rk8eqZSdFovt8Id+O+i2qT0c3CY13DPn2SfGOEVlxNs=
github.com/aws/aws-sdk-go-v2/internal/configsources v1.1.20/go.mod h1:gdZ5gRUaxThXIZyZQ8MTtgYBk2jbHgp05BO3GcD9Cwc=
github.com/aws/aws-sdk-go-v2/internal/endpoints/v2 v2.4.12/go.mod h1:ckaCVTEdGAxO6KwTGzgskxR1xM+iJW4lxMyDFVda2Fc=
github.com/aws/aws-sdk-go-v2/internal/endpoints/v2 v2.4.14 h1:6Yxuq9yrkoLYab5JXqJnto9tdRuIcYVdR+eiKjsJYWU=
github.com/aws/aws-sdk-go-v2/internal/endpoints/v2 v2.4.14/go.mod h1:GEV9jaDPIgayiU+uevxwozcvUOjc+P4aHE2BeSjm2vE=
github.com/aws/aws-sdk-go-v2/internal/ini v1.3.21 h1:lpwSbLKYTuABo6SyUoC25xAmfO3/TehGS2SmD1EtOL0=
github.com/aws/aws-sdk-go-v2/internal/ini v1.3.21/go.mod h1:Q0pktZjvRZk77TBto6yAvUAi7fcse1bdcMctBDVGgBw=
github.com/aws/aws-sdk-go-v2/service/internal/presigned-url v1.9.14 h1:c5hJNN2DkK1gAytcKp7LkiKNDJeevFSboPezEHAM4Ro=
github.com/aws/aws-sdk-go-v2/service/internal/presigned-url v1.9.14/go.mod h1:8qOLjqMzY/S1kh3myDXA1yxK5eD4uN8aOJgKpgvc4OM=
github.com/aws/aws-sdk-go-v2/service/iotsecuretunneling v1.13.8/go.mod h1:/Rt28zmx23zek4mOi64SoU3vNlIdD9WJObIDiagMBM4=
github.com/aws/aws-sdk-go-v2/service/sso v1.11.20 h1:3raP0UC9rvRyY4/cc4o4F3jTrNo94AYiarNUGNnq6dU=
github.com/aws/aws-sdk-go-v2/service/sso v1.11.20/go.mod h1:hPsROgDdgY/NQ1gPt7VJWG0GjSnalDC0DkkMfGEw2gc=
github.com/aws/aws-sdk-go-v2/service/ssooidc v1.13.2 h1:/SYpdjjAtraymql+/r719OgjxezdanAQiLb/NMxDb04=
github.com/aws/aws-sdk-go-v2/service/ssooidc v1.13.2/go.mod h1:5cxfDYtY2mDOlmesy4yycb6lwyy1U/iAUOHKhQLKw/E=
github.com/aws/aws-sdk-go-v2/service/sts v1.16.16 h1:otZvq9r+xjPL7qU/luX2QdBamiN+oSZURRi4sAKymO8=
github.com/aws/aws-sdk-go-v2/service/sts v1.16.16/go.mod h1:Y9iBgT1w2vHtYzJEkwD6FqILjDSsvbxcW/+wIYxyse4=
github.com/aws/smithy-go v1.12.1/go.mod h1:Tg+OJXh4MB2R/uN61Ko2f6hTZwB/ZYGOtib8J3gBHzA=
github.com/aws/smithy-go v1.13.1 h1:q09BdpUiaqpothcv393ACfWJJHzlzjB5HaNL1XHKmoQ=
github.com/aws/smithy-go v1.13.1/go.mod h1:Tg+OJXh4MB2R/uN61Ko2f6hTZwB/ZYGOtib8J3gBHzA=
github.com/davecgh/go-spew v1.1.0/go.mod h1:J7Y8YcW2NihsgmVo/mv3lAwl/skON4iLHjSsI+c5H38=
github.com/golang/protobuf v1.5.0/go.mod h1:FsONVRAS9T7sI+LIUmWTfcYkHO4aIWwzhcaSAoJOfIk=
github.com/google/go-cmp v0.5.5/go.mod h1:v8dTdLbMG2kIc/vJvl+f65V22dbkXbowE6jgT/gNBxE=
github.com/google/go-cmp v0.5.8 h1:e6P7q2lk1O+qJJb4BtCQXlK8vWEO8V1ZeuEdJNOqZyg=
github.com/google/go-cmp v0.5.8/go.mod h1:17dUlkBOakJ0+DkrSSNjCkIjxS6bF9zb3elmeNGIjoY=
github.com/google/uuid v1.3.0/go.mod h1:TIyPZe4MgqvfeYDBFedMoGGpEw/LqOeaOT+nhxU+yHo=
github.com/jmespath/go-jmespath v0.4.0/go.mod h1:T8mJZnbsbmF+m6zOOFylbeCJqk5+pHWvzYPziyZiYoo=
github.com/jmespath/go-jmespath/internal/testify v1.5.1/go.mod h1:L3OGu8Wl2/fWfCI6z80xFu9LTZmf1ZRjMHUOPmWr69U=
github.com/mitchellh/mapstructure v1.5.0 h1:jeMsZIYE/09sWLaz43PL7Gy6RuMjD2eJVyuac5Z2hdY=
github.com/mitchellh/mapstructure v1.5.0/go.mod h1:bFUtVrKA4DC2yAKiSyO/QUcy7e+RRV2QTWOzhPopBRo=
github.com/pmezard/go-difflib v1.0.0/go.mod h1:iKH77koFhYxTK1pcRnkKkqfTogsbg7gZNVY4sRDYZ/4=
github.com/stretchr/objx v0.1.0/go.mod h1:HFkY916IF+rwdDfMAkV7OtwuqBVzrE8GR6GFx+wExME=
golang.org/x/net v0.0.0-20211004220534-69340ce214a7/go.mod h1:9nx3DQGgdP8bBQD5qxJ1jj9UTztislL4KSBs9R2vV5Y=
golang.org/x/net v0.0.0-20220826154423-83b083e8dc8b h1:ZmngSVLe/wycRns9MKikG9OWIEjGcGAkacif7oYQaUY=
golang.org/x/net v0.0.0-20220826154423-83b083e8dc8b/go.mod h1:YDH+HFinaLZZlnHAfSS6ZXJJ9M9t4Dl22yv3iI2vPwk=
golang.org/x/sys v0.0.0-20201119102817-f84b799fce68/go.mod h1:h1NjWce9XRLGQEsW7wpKNCjG9DtNlClVuFLEZdDNbEs=
golang.org/x/sys v0.0.0-20210423082822-04245dca01da/go.mod h1:h1NjWce9XRLGQEsW7wpKNCjG9DtNlClVuFLEZdDNbEs=
golang.org/x/sys v0.0.0-20210615035016-665e8c7367d1/go.mod h1:oPkhp1MJrh7nUepCBck5+mAzfO9JrbApNNgaTdGDITg=
golang.org/x/sys v0.0.0-20220728004956-3c1f35247d10/go.mod h1:oPkhp1MJrh7nUepCBck5+mAzfO9JrbApNNgaTdGDITg=
golang.org/x/term v0.0.0-20201126162022-7de9c90e9dd1/go.mod h1:bj7SfCRtBDWHUb9snDiAeCFNEtKQo2Wmx5Cou7ajbmo=
golang.org/x/term v0.0.0-20210927222741-03fcf44c2211/go.mod h1:jbD1KX2456YbFQfuXm/mYQcufACuNUgVhRMnK/tPxf8=
golang.org/x/text v0.3.6/go.mod h1:5Zoc/QRtKVWzQhOtBMvqHzDpF6irO9z98xDceosuGiQ=
golang.org/x/text v0.3.7/go.mod h1:u+2+/6zg+i71rQMx5EYifcz6MCKuco9NR6JIITiCfzQ=
golang.org/x/tools v0.0.0-20180917221912-90fa682c2a6e/go.mod h1:n7NCudcB/nEzxVGmLbDWY5pfWTLqBcC2KZ6jyYvM4mQ=
golang.org/x/xerrors v0.0.0-20191204190536-9bdfabe68543/go.mod h1:I/5z698sn9Ka8TeJc9MKroUUfqBBauWjQqLJ2OPfmY0=
google.golang.org/protobuf v1.26.0-rc.1/go.mod h1:jlhhOSvTdKEhbULTjvd4ARK9grFBp09yW+WbY/TyQbw=
google.golang.org/protobuf v1.28.1 h1:d0NfwRgPtno5B1Wa6L2DAG+KivqkdutMf1UhdNx175w=
google.golang.org/protobuf v1.28.1/go.mod h1:HV8QOd/L58Z+nl8r43ehVNZIU/HEI6OcFqwMG9pJV4I=
gopkg.in/check.v1 v0.0.0-20161208181325-20d25e280405/go.mod h1:Co6ibVJAznAaIkqp8huTwlJQCZ016jof/cbN4VW5Yz0=
gopkg.in/yaml.v2 v2.2.8/go.mod h1:hI93XBmqTisBFMUTm0b8Fm+jr3Dg1NNxqwp+5A1VGuI=
